
Microsoft Visual Studio Solution File, Format Version 12.00
# Visual Studio Version 17
VisualStudioVersion = 17.6.33712.159
MinimumVisualStudioVersion = 10.0.40219.1
Project("{FAE04EC0-301F-11D3-BF4B-00C04F79EFBC}") = "kutyak", "kutyak\kutyak.csproj", "{D66C0547-C9AC-407B-A845-55A4D45707A5}"
EndProject
Global
	GlobalSection(SolutionConfigurationPlatforms) = preSolution
		Debug|Any CPU = Debug|Any CPU
		Release|Any CPU = Release|Any CPU
	EndGlobalSection
	GlobalSection(ProjectConfigurationPlatforms) = postSolution
		{D66C0547-C9AC-407B-A845-55A4D45707A5}.Debug|Any CPU.ActiveCfg = Debug|Any CPU
		{D66C0547-C9AC-407B-A845-55A4D45707A5}.Debug|Any CPU.Build.0 = Debug|Any CPU
		{D66C0547-C9AC-407B-A845-55A4D45707A5}.Release|Any CPU.ActiveCfg = Release|Any CPU
		{D66C0547-C9AC-407B-A845-55A4D45707A5}.Release|Any CPU.Build.0 = Release|Any CPU
	EndGlobalSection
	GlobalSection(SolutionProperties) = preSolution
		HideSolutionNode = FALSE
	EndGlobalSection
	GlobalSection(ExtensibilityGlobals) = postSolution
		SolutionGuid = {75A17C66-8B2A-48D8-B631-CA3F26FE8659}
	EndGlobalSection
EndGlobal
